
Microsoft Visual Studio Solution File, Format Version 11.00
# Visual Studio 2010
Project("{FAE04EC0-301F-11D3-BF4B-00C04F79EFBC}") = "Pitchfork.MessageStorage", "Pitchfork.MessageStorage\Pitchfork.MessageStorage.csproj", "{22447ED3-1B00-41AD-93B9-A632F99433B8}"
EndProject
Global
	GlobalSection(SolutionConfigurationPlatforms) = preSolution
		Debug|Any CPU = Debug|Any CPU
		Release|Any CPU = Release|Any CPU
	EndGlobalSection
	GlobalSection(ProjectConfigurationPlatforms) = postSolution
		{22447ED3-1B00-41AD-93B9-A632F99433B8}.Debug|Any CPU.ActiveCfg = Debug|Any CPU
		{22447ED3-1B00-41AD-93B9-A632F99433B8}.Debug|Any CPU.Build.0 = Debug|Any CPU
		{22447ED3-1B00-41AD-93B9-A632F99433B8}.Release|Any CPU.ActiveCfg = Release|Any CPU
		{22447ED3-1B00-41AD-93B9-A632F99433B8}.Release|Any CPU.Build.0 = Release|Any CPU
	EndGlobalSection
	GlobalSection(SolutionProperties) = preSolution
		HideSolutionNode = FALSE
	EndGlobalSection
EndGlobal
